
Microsoft Visual Studio Solution File, Format Version 12.00
# Visual Studio Version 17
VisualStudioVersion = 17.12.35707.178 d17.12
MinimumVisualStudioVersion = 10.0.40219.1
Project("{FAE04EC0-301F-11D3-BF4B-00C04F79EFBC}") = "DSA_Questions", "DSA_Questions\DSA_Questions.csproj", "{00C05A14-16B2-4207-AE4E-5227B83CF930}"
EndProject
Global
	GlobalSection(SolutionConfigurationPlatforms) = preSolution
		Debug|Any CPU = Debug|Any CPU
		Release|Any CPU = Release|Any CPU
	EndGlobalSection
	GlobalSection(ProjectConfigurationPlatforms) = postSolution
		{00C05A14-16B2-4207-AE4E-5227B83CF930}.Debug|Any CPU.ActiveCfg = Debug|Any CPU
		{00C05A14-16B2-4207-AE4E-5227B83CF930}.Debug|Any CPU.Build.0 = Debug|Any CPU
		{00C05A14-16B2-4207-AE4E-5227B83CF930}.Release|Any CPU.ActiveCfg = Release|Any CPU
		{00C05A14-16B2-4207-AE4E-5227B83CF930}.Release|Any CPU.Build.0 = Release|Any CPU
	EndGlobalSection
	GlobalSection(SolutionProperties) = preSolution
		HideSolutionNode = FALSE
	EndGlobalSection
EndGlobal
