
Microsoft Visual Studio Solution File, Format Version 12.00
# Visual Studio Version 17
VisualStudioVersion = 17.12.35707.178
MinimumVisualStudioVersion = 10.0.40219.1
Project("{FAE04EC0-301F-11D3-BF4B-00C04F79EFBC}") = "FactoryMethodDesignPattern", "FactoryMethodDesignPattern\FactoryMethodDesignPattern.csproj", "{DDFB60D1-0D24-49CD-A19B-345A61091DCF}"
EndProject
Project("{FAE04EC0-301F-11D3-BF4B-00C04F79EFBC}") = "WithFactoryMethodDesignPattern", "WithFactoryMethodDesignPattern\WithFactoryMethodDesignPattern.csproj", "{DC7F80DC-F788-44F2-9904-7FAFC012968A}"
EndProject
Project("{FAE04EC0-301F-11D3-BF4B-00C04F79EFBC}") = "AstractFactoryDesignPattern", "AstractFactoryDesignPattern\AstractFactoryDesignPattern.csproj", "{7237CFD0-5D43-428E-890E-34E7CE1BE8BF}"
EndProject
Project("{FAE04EC0-301F-11D3-BF4B-00C04F79EFBC}") = "StrategyDesignPattern", "StrategyDesignPattern\StrategyDesignPattern.csproj", "{6E3BD954-D8CE-49FC-92C5-0F0AD887D4A9}"
EndProject
Project("{FAE04EC0-301F-11D3-BF4B-00C04F79EFBC}") = "WithStrategyDesignPattern", "WithStrategyDesignPattern\WithStrategyDesignPattern.csproj", "{A21355C4-12B7-4156-BC9C-DED3A8DD15C6}"
EndProject
Project("{FAE04EC0-301F-11D3-BF4B-00C04F79EFBC}") = "WithFactory+StrategyDesignPattern", "WithFactory+StrategyDesignPattern\WithFactory+StrategyDesignPattern.csproj", "{69A18DC8-E7A7-46B8-8201-53A1F500AA80}"
EndProject
Global
	GlobalSection(SolutionConfigurationPlatforms) = preSolution
		Debug|Any CPU = Debug|Any CPU
		Release|Any CPU = Release|Any CPU
	EndGlobalSection
	GlobalSection(ProjectConfigurationPlatforms) = postSolution
		{DDFB60D1-0D24-49CD-A19B-345A61091DCF}.Debug|Any CPU.ActiveCfg = Debug|Any CPU
		{DDFB60D1-0D24-49CD-A19B-345A61091DCF}.Debug|Any CPU.Build.0 = Debug|Any CPU
		{DDFB60D1-0D24-49CD-A19B-345A61091DCF}.Release|Any CPU.ActiveCfg = Release|Any CPU
		{DDFB60D1-0D24-49CD-A19B-345A61091DCF}.Release|Any CPU.Build.0 = Release|Any CPU
		{DC7F80DC-F788-44F2-9904-7FAFC012968A}.Debug|Any CPU.ActiveCfg = Debug|Any CPU
		{DC7F80DC-F788-44F2-9904-7FAFC012968A}.Debug|Any CPU.Build.0 = Debug|Any CPU
		{DC7F80DC-F788-44F2-9904-7FAFC012968A}.Release|Any CPU.ActiveCfg = Release|Any CPU
		{DC7F80DC-F788-44F2-9904-7FAFC012968A}.Release|Any CPU.Build.0 = Release|Any CPU
		{7237CFD0-5D43-428E-890E-34E7CE1BE8BF}.Debug|Any CPU.ActiveCfg = Debug|Any CPU
		{7237CFD0-5D43-428E-890E-34E7CE1BE8BF}.Debug|Any CPU.Build.0 = Debug|Any CPU
		{7237CFD0-5D43-428E-890E-34E7CE1BE8BF}.Release|Any CPU.ActiveCfg = Release|Any CPU
		{7237CFD0-5D43-428E-890E-34E7CE1BE8BF}.Release|Any CPU.Build.0 = Release|Any CPU
		{6E3BD954-D8CE-49FC-92C5-0F0AD887D4A9}.Debug|Any CPU.ActiveCfg = Debug|Any CPU
		{6E3BD954-D8CE-49FC-92C5-0F0AD887D4A9}.Debug|Any CPU.Build.0 = Debug|Any CPU
		{6E3BD954-D8CE-49FC-92C5-0F0AD887D4A9}.Release|Any CPU.ActiveCfg = Release|Any CPU
		{6E3BD954-D8CE-49FC-92C5-0F0AD887D4A9}.Release|Any CPU.Build.0 = Release|Any CPU
		{A21355C4-12B7-4156-BC9C-DED3A8DD15C6}.Debug|Any CPU.ActiveCfg = Debug|Any CPU
		{A21355C4-12B7-4156-BC9C-DED3A8DD15C6}.Debug|Any CPU.Build.0 = Debug|Any CPU
		{A21355C4-12B7-4156-BC9C-DED3A8DD15C6}.Release|Any CPU.ActiveCfg = Release|Any CPU
		{A21355C4-12B7-4156-BC9C-DED3A8DD15C6}.Release|Any CPU.Build.0 = Release|Any CPU
		{69A18DC8-E7A7-46B8-8201-53A1F500AA80}.Debug|Any CPU.ActiveCfg = Debug|Any CPU
		{69A18DC8-E7A7-46B8-8201-53A1F500AA80}.Debug|Any CPU.Build.0 = Debug|Any CPU
		{69A18DC8-E7A7-46B8-8201-53A1F500AA80}.Release|Any CPU.ActiveCfg = Release|Any CPU
		{69A18DC8-E7A7-46B8-8201-53A1F500AA80}.Release|Any CPU.Build.0 = Release|Any CPU
	EndGlobalSection
	GlobalSection(SolutionProperties) = preSolution
		HideSolutionNode = FALSE
	EndGlobalSection
EndGlobal
